{
  "name": "fast-svelte-generator",
  "version": "1.0.0",
  "lockfileVersion": 2,
  "requires": true,
  "packages": {
    "": {
      "name": "fast-svelte-generator",
      "version": "1.0.0",
      "license": "MIT",
      "dependencies": {
        "@microsoft/fast-components": "^2.16.6"
      },
      "bin": {
        "fast-svelte-generator": "dist/index.js"
      },
      "devDependencies": {
        "@types/node": "^16.11.11",
        "lodash-es": "^4.17.21",
        "typescript": "^4.5.4"
      }
    },
    "node_modules/@microsoft/fast-colors": {
      "version": "5.1.4",
      "resolved": "https://registry.npmjs.org/@microsoft/fast-colors/-/fast-colors-5.1.4.tgz",
      "integrity": "sha512-+0ZVfZ04627buD8ZK8k84FpZom85vU0qUoRtcnFQm6AG5MIWcRE8m5ybJlMIjv2LIJcI/q7tjl+ruKBpWaqwJQ=="
    },
    "node_modules/@microsoft/fast-components": {
      "version": "2.16.6",
      "resolved": "https://registry.npmjs.org/@microsoft/fast-components/-/fast-components-2.16.6.tgz",
      "integrity": "sha512-6U0OUwWqgEVSm9OzutCUp5+7o5eYfQc5rcSZXcrD02mhvlKUadk57WcW+woCzMfexR3SC7xIuQBgDvQQdSvtUQ==",
      "dependencies": {
        "@microsoft/fast-colors": "^5.1.4",
        "@microsoft/fast-element": "^1.6.2",
        "@microsoft/fast-foundation": "^2.27.0",
        "@microsoft/fast-web-utilities": "^5.0.2",
        "tslib": "^1.13.0",
        "vscode-html-languageservice": "^4.0.3"
      }
    },
    "node_modules/@microsoft/fast-element": {
      "version": "1.6.2",
      "resolved": "https://registry.npmjs.org/@microsoft/fast-element/-/fast-element-1.6.2.tgz",
      "integrity": "sha512-TrFOpe9k9xIK2iLfIG5T2+bavUAWBvAC/KQ/3ecFsK65l9PAZ/j3zlkyLxNrpIksFtUBkfVdV03kwFurZjqzKQ=="
    },
    "node_modules/@microsoft/fast-foundation": {
      "version": "2.27.1",
      "resolved": "https://registry.npmjs.org/@microsoft/fast-foundation/-/fast-foundation-2.27.1.tgz",
      "integrity": "sha512-HDbyjqhkFxF8LAAsS5hZRVzNTG8wFRem3FuW391hCLh8vP7+JibEFxFIMMSG1sdRkOOzRfWxlsj4gYGpkZgMAw==",
      "dependencies": {
        "@microsoft/fast-element": "^1.6.2",
        "@microsoft/fast-web-utilities": "^5.0.2",
        "tabbable": "^5.2.0",
        "tslib": "^1.13.0"
      }
    },
    "node_modules/@microsoft/fast-web-utilities": {
      "version": "5.0.2",
      "resolved": "https://registry.npmjs.org/@microsoft/fast-web-utilities/-/fast-web-utilities-5.0.2.tgz",
      "integrity": "sha512-J8Wy64V1NWF/UjFJ1mvmJNNPChbWobsNkJ8xNaV5/M+VKOQEOheojrOS+RmOUG7DKTBlCLIbUvyXsj1YiCfwkA==",
      "dependencies": {
        "exenv-es6": "^1.0.0"
      }
    },
    "node_modules/@types/node": {
      "version": "16.11.11",
      "resolved": "https://registry.npmjs.org/@types/node/-/node-16.11.11.tgz",
      "integrity": "sha512-KB0sixD67CeecHC33MYn+eYARkqTheIRNuu97y2XMjR7Wu3XibO1vaY6VBV6O/a89SPI81cEUIYT87UqUWlZNw==",
      "dev": true
    },
    "node_modules/exenv-es6": {
      "version": "1.0.0",
      "resolved": "https://registry.npmjs.org/exenv-es6/-/exenv-es6-1.0.0.tgz",
      "integrity": "sha512-fcG/TX8Ruv9Ma6PBaiNsUrHRJzVzuFMP6LtPn/9iqR+nr9mcLeEOGzXQGLC5CVQSXGE98HtzW2mTZkrCA3XrDg=="
    },
    "node_modules/lodash-es": {
      "version": "4.17.21",
      "resolved": "https://registry.npmjs.org/lodash-es/-/lodash-es-4.17.21.tgz",
      "integrity": "sha512-mKnC+QJ9pWVzv+C4/U3rRsHapFfHvQFoFB92e52xeyGMcX6/OlIl78je1u8vePzYZSkkogMPJ2yjxxsb89cxyw==",
      "dev": true
    },
    "node_modules/tabbable": {
      "version": "5.2.1",
      "resolved": "https://registry.npmjs.org/tabbable/-/tabbable-5.2.1.tgz",
      "integrity": "sha512-40pEZ2mhjaZzK0BnI+QGNjJO8UYx9pP5v7BGe17SORTO0OEuuaAwQTkAp8whcZvqon44wKFOikD+Al11K3JICQ=="
    },
    "node_modules/tslib": {
      "version": "1.14.1",
      "resolved": "https://registry.npmjs.org/tslib/-/tslib-1.14.1.tgz",
      "integrity": "sha512-Xni35NKzjgMrwevysHTCArtLDpPvye8zV/0E4EyYn43P7/7qvQwPh9BGkHewbMulVntbigmcT7rdX3BNo9wRJg=="
    },
    "node_modules/typescript": {
      "version": "4.5.4",
      "resolved": "https://registry.npmjs.org/typescript/-/typescript-4.5.4.tgz",
      "integrity": "sha512-VgYs2A2QIRuGphtzFV7aQJduJ2gyfTljngLzjpfW9FoYZF6xuw1W0vW9ghCKLfcWrCFxK81CSGRAvS1pn4fIUg==",
      "dev": true,
      "bin": {
        "tsc": "bin/tsc",
        "tsserver": "bin/tsserver"
      },
      "engines": {
        "node": ">=4.2.0"
      }
    },
    "node_modules/vscode-html-languageservice": {
      "version": "4.2.0",
      "resolved": "https://registry.npmjs.org/vscode-html-languageservice/-/vscode-html-languageservice-4.2.0.tgz",
      "integrity": "sha512-5ebk/5kMa7PrCPL3JuP27vo8h+coDgSkMP14pSlKz3ISXZxHm+nnCenhVrpy9Ayamtwb28YXeQuN8AqNQH8kVQ==",
      "dependencies": {
        "vscode-languageserver-textdocument": "^1.0.1",
        "vscode-languageserver-types": "^3.16.0",
        "vscode-nls": "^5.0.0",
        "vscode-uri": "^3.0.2"
      }
    },
    "node_modules/vscode-languageserver-textdocument": {
      "version": "1.0.3",
      "resolved": "https://registry.npmjs.org/vscode-languageserver-textdocument/-/vscode-languageserver-textdocument-1.0.3.tgz",
      "integrity": "sha512-ynEGytvgTb6HVSUwPJIAZgiHQmPCx8bZ8w5um5Lz+q5DjP0Zj8wTFhQpyg8xaMvefDytw2+HH5yzqS+FhsR28A=="
    },
    "node_modules/vscode-languageserver-types": {
      "version": "3.16.0",
      "resolved": "https://registry.npmjs.org/vscode-languageserver-types/-/vscode-languageserver-types-3.16.0.tgz",
      "integrity": "sha512-k8luDIWJWyenLc5ToFQQMaSrqCHiLwyKPHKPQZ5zz21vM+vIVUSvsRpcbiECH4WR88K2XZqc4ScRcZ7nk/jbeA=="
    },
    "node_modules/vscode-nls": {
      "version": "5.0.0",
      "resolved": "https://registry.npmjs.org/vscode-nls/-/vscode-nls-5.0.0.tgz",
      "integrity": "sha512-u0Lw+IYlgbEJFF6/qAqG2d1jQmJl0eyAGJHoAJqr2HT4M2BNuQYSEiSE75f52pXHSJm8AlTjnLLbBFPrdz2hpA=="
    },
    "node_modules/vscode-uri": {
      "version": "3.0.2",
      "resolved": "https://registry.npmjs.org/vscode-uri/-/vscode-uri-3.0.2.tgz",
      "integrity": "sha512-jkjy6pjU1fxUvI51P+gCsxg1u2n8LSt0W6KrCNQceaziKzff74GoWmjVG46KieVzybO1sttPQmYfrwSHey7GUA=="
    }
  },
  "dependencies": {
    "@microsoft/fast-colors": {
      "version": "5.1.4",
      "resolved": "https://registry.npmjs.org/@microsoft/fast-colors/-/fast-colors-5.1.4.tgz",
      "integrity": "sha512-+0ZVfZ04627buD8ZK8k84FpZom85vU0qUoRtcnFQm6AG5MIWcRE8m5ybJlMIjv2LIJcI/q7tjl+ruKBpWaqwJQ=="
    },
    "@microsoft/fast-components": {
      "version": "2.16.6",
      "resolved": "https://registry.npmjs.org/@microsoft/fast-components/-/fast-components-2.16.6.tgz",
      "integrity": "sha512-6U0OUwWqgEVSm9OzutCUp5+7o5eYfQc5rcSZXcrD02mhvlKUadk57WcW+woCzMfexR3SC7xIuQBgDvQQdSvtUQ==",
      "requires": {
        "@microsoft/fast-colors": "^5.1.4",
        "@microsoft/fast-element": "^1.6.2",
        "@microsoft/fast-foundation": "^2.27.0",
        "@microsoft/fast-web-utilities": "^5.0.2",
        "tslib": "^1.13.0",
        "vscode-html-languageservice": "^4.0.3"
      }
    },
    "@microsoft/fast-element": {
      "version": "1.6.2",
      "resolved": "https://registry.npmjs.org/@microsoft/fast-element/-/fast-element-1.6.2.tgz",
      "integrity": "sha512-TrFOpe9k9xIK2iLfIG5T2+bavUAWBvAC/KQ/3ecFsK65l9PAZ/j3zlkyLxNrpIksFtUBkfVdV03kwFurZjqzKQ=="
    },
    "@microsoft/fast-foundation": {
      "version": "2.27.1",
      "resolved": "https://registry.npmjs.org/@microsoft/fast-foundation/-/fast-foundation-2.27.1.tgz",
      "integrity": "sha512-HDbyjqhkFxF8LAAsS5hZRVzNTG8wFRem3FuW391hCLh8vP7+JibEFxFIMMSG1sdRkOOzRfWxlsj4gYGpkZgMAw==",
      "requires": {
        "@microsoft/fast-element": "^1.6.2",
        "@microsoft/fast-web-utilities": "^5.0.2",
        "tabbable": "^5.2.0",
        "tslib": "^1.13.0"
      }
    },
    "@microsoft/fast-web-utilities": {
      "version": "5.0.2",
      "resolved": "https://registry.npmjs.org/@microsoft/fast-web-utilities/-/fast-web-utilities-5.0.2.tgz",
      "integrity": "sha512-J8Wy64V1NWF/UjFJ1mvmJNNPChbWobsNkJ8xNaV5/M+VKOQEOheojrOS+RmOUG7DKTBlCLIbUvyXsj1YiCfwkA==",
      "requires": {
        "exenv-es6": "^1.0.0"
      }
    },
    "@types/node": {
      "version": "16.11.11",
      "resolved": "https://registry.npmjs.org/@types/node/-/node-16.11.11.tgz",
      "integrity": "sha512-KB0sixD67CeecHC33MYn+eYARkqTheIRNuu97y2XMjR7Wu3XibO1vaY6VBV6O/a89SPI81cEUIYT87UqUWlZNw==",
      "dev": true
    },
    "exenv-es6": {
      "version": "1.0.0",
      "resolved": "https://registry.npmjs.org/exenv-es6/-/exenv-es6-1.0.0.tgz",
      "integrity": "sha512-fcG/TX8Ruv9Ma6PBaiNsUrHRJzVzuFMP6LtPn/9iqR+nr9mcLeEOGzXQGLC5CVQSXGE98HtzW2mTZkrCA3XrDg=="
    },
    "lodash-es": {
      "version": "4.17.21",
      "resolved": "https://registry.npmjs.org/lodash-es/-/lodash-es-4.17.21.tgz",
      "integrity": "sha512-mKnC+QJ9pWVzv+C4/U3rRsHapFfHvQFoFB92e52xeyGMcX6/OlIl78je1u8vePzYZSkkogMPJ2yjxxsb89cxyw==",
      "dev": true
    },
    "tabbable": {
      "version": "5.2.1",
      "resolved": "https://registry.npmjs.org/tabbable/-/tabbable-5.2.1.tgz",
      "integrity": "sha512-40pEZ2mhjaZzK0BnI+QGNjJO8UYx9pP5v7BGe17SORTO0OEuuaAwQTkAp8whcZvqon44wKFOikD+Al11K3JICQ=="
    },
    "tslib": {
      "version": "1.14.1",
      "resolved": "https://registry.npmjs.org/tslib/-/tslib-1.14.1.tgz",
      "integrity": "sha512-Xni35NKzjgMrwevysHTCArtLDpPvye8zV/0E4EyYn43P7/7qvQwPh9BGkHewbMulVntbigmcT7rdX3BNo9wRJg=="
    },
    "typescript": {
      "version": "4.5.4",
      "resolved": "https://registry.npmjs.org/typescript/-/typescript-4.5.4.tgz",
      "integrity": "sha512-VgYs2A2QIRuGphtzFV7aQJduJ2gyfTljngLzjpfW9FoYZF6xuw1W0vW9ghCKLfcWrCFxK81CSGRAvS1pn4fIUg==",
      "dev": true
    },
    "vscode-html-languageservice": {
      "version": "4.2.0",
      "resolved": "https://registry.npmjs.org/vscode-html-languageservice/-/vscode-html-languageservice-4.2.0.tgz",
      "integrity": "sha512-5ebk/5kMa7PrCPL3JuP27vo8h+coDgSkMP14pSlKz3ISXZxHm+nnCenhVrpy9Ayamtwb28YXeQuN8AqNQH8kVQ==",
      "requires": {
        "vscode-languageserver-textdocument": "^1.0.1",
        "vscode-languageserver-types": "^3.16.0",
        "vscode-nls": "^5.0.0",
        "vscode-uri": "^3.0.2"
      }
    },
    "vscode-languageserver-textdocument": {
      "version": "1.0.3",
      "resolved": "https://registry.npmjs.org/vscode-languageserver-textdocument/-/vscode-languageserver-textdocument-1.0.3.tgz",
      "integrity": "sha512-ynEGytvgTb6HVSUwPJIAZgiHQmPCx8bZ8w5um5Lz+q5DjP0Zj8wTFhQpyg8xaMvefDytw2+HH5yzqS+FhsR28A=="
    },
    "vscode-languageserver-types": {
      "version": "3.16.0",
      "resolved": "https://registry.npmjs.org/vscode-languageserver-types/-/vscode-languageserver-types-3.16.0.tgz",
      "integrity": "sha512-k8luDIWJWyenLc5ToFQQMaSrqCHiLwyKPHKPQZ5zz21vM+vIVUSvsRpcbiECH4WR88K2XZqc4ScRcZ7nk/jbeA=="
    },
    "vscode-nls": {
      "version": "5.0.0",
      "resolved": "https://registry.npmjs.org/vscode-nls/-/vscode-nls-5.0.0.tgz",
      "integrity": "sha512-u0Lw+IYlgbEJFF6/qAqG2d1jQmJl0eyAGJHoAJqr2HT4M2BNuQYSEiSE75f52pXHSJm8AlTjnLLbBFPrdz2hpA=="
    },
    "vscode-uri": {
      "version": "3.0.2",
      "resolved": "https://registry.npmjs.org/vscode-uri/-/vscode-uri-3.0.2.tgz",
      "integrity": "sha512-jkjy6pjU1fxUvI51P+gCsxg1u2n8LSt0W6KrCNQceaziKzff74GoWmjVG46KieVzybO1sttPQmYfrwSHey7GUA=="
    }
  }
}
